PODS:
  - GoongGeocoder (0.0.6)
  - GoongSDK (0.0.6)

DEPENDENCIES:
  - GoongGeocoder
  - GoongSDK

SPEC REPOS:
  trunk:
    - GoongGeocoder
    - GoongSDK

SPEC CHECKSUMS:
  GoongGeocoder: c477f832c5af60da95ca14e556dc66b747556b87
  GoongSDK: f6253b9d04186247f90440da3a35fd5289d4a34d

PODFILE CHECKSUM: 99af3c05168732a123a4c262fca309e5991740f9

COCOAPODS: 1.8.4
